
Microsoft Visual Studio Solution File, Format Version 12.00
# Visual Studio Version 18
VisualStudioVersion = 18.2.11415.280
MinimumVisualStudioVersion = 10.0.40219.1
Project("{2150E333-8FDC-42A3-9474-1A3956D46DE8}") = "src", "src", "{827E0CD3-B72D-47B6-A68D-7590B98EB39B}"
EndProject
Project("{FAE04EC0-301F-11D3-BF4B-00C04F79EFBC}") = "XerahS.App", "app\XerahS.App\XerahS.App.csproj", "{C714785B-5C8D-4C76-A9F6-BABB56DC3134}"
EndProject
Project("{FAE04EC0-301F-11D3-BF4B-00C04F79EFBC}") = "XerahS.UI", "app\XerahS.UI\XerahS.UI.csproj", "{057F6144-295C-4944-A8F6-B9766DA78499}"
EndProject
Project("{FAE04EC0-301F-11D3-BF4B-00C04F79EFBC}") = "XerahS.Core", "core\XerahS.Core\XerahS.Core.csproj", "{4C56F5E8-9294-44CD-A07C-FA5B431B2FFD}"
EndProject
Project("{FAE04EC0-301F-11D3-BF4B-00C04F79EFBC}") = "XerahS.Common", "core\XerahS.Common\XerahS.Common.csproj", "{85483A44-F85B-400D-82E5-0087448F8465}"
EndProject
Project("{FAE04EC0-301F-11D3-BF4B-00C04F79EFBC}") = "XerahS.Platform.Abstractions", "..\platform\XerahS.Platform.Abstractions\XerahS.Platform.Abstractions.csproj", "{2A91F8A0-7FA8-4A01-97D1-4C31F7C8FA11}"
EndProject
Project("{FAE04EC0-301F-11D3-BF4B-00C04F79EFBC}") = "XerahS.Platform.Windows", "..\platform\XerahS.Platform.Windows\XerahS.Platform.Windows.csproj", "{5FD4583A-B0F8-4A3C-A5E7-4656A9D7AA6B}"
EndProject
Project("{FAE04EC0-301F-11D3-BF4B-00C04F79EFBC}") = "XerahS.History", "core\XerahS.History\XerahS.History.csproj", "{4EDCA378-8B9C-4EA7-B483-2F53798375EF}"
EndProject
Project("{FAE04EC0-301F-11D3-BF4B-00C04F79EFBC}") = "XerahS.Indexer", "core\XerahS.Indexer\XerahS.Indexer.csproj", "{36919F84-0925-49D1-B6B3-35D206F106CC}"
EndProject
Project("{FAE04EC0-301F-11D3-BF4B-00C04F79EFBC}") = "XerahS.Uploaders", "core\XerahS.Uploaders\XerahS.Uploaders.csproj", "{EE2C5D43-DAFA-42A1-AB21-35B0D175CABD}"
EndProject
Project("{FAE04EC0-301F-11D3-BF4B-00C04F79EFBC}") = "XerahS.UploaderPluginSdk", "core\XerahS.UploaderPluginSdk\XerahS.UploaderPluginSdk.csproj", "{B1C2D3E4-F5A6-47B8-9C0D-1E2F3A4B5C6D}"
EndProject
Project("{FAE04EC0-301F-11D3-BF4B-00C04F79EFBC}") = "XerahS.Media", "core\XerahS.Media\XerahS.Media.csproj", "{AD3064B1-3E03-48CA-BF35-9F0633C53A37}"
EndProject
Project("{FAE04EC0-301F-11D3-BF4B-00C04F79EFBC}") = "XerahS.Services.Abstractions", "core\XerahS.Services.Abstractions\XerahS.Services.Abstractions.csproj", "{EFCD5F4F-9CE6-4516-8DB4-4B7CC2D70560}"
EndProject
Project("{FAE04EC0-301F-11D3-BF4B-00C04F79EFBC}") = "XerahS.ViewModels", "core\XerahS.ViewModels\XerahS.ViewModels.csproj", "{1BA75A7B-3F6F-4BC0-A11F-4F95806799E2}"
EndProject
Project("{FAE04EC0-301F-11D3-BF4B-00C04F79EFBC}") = "XerahS.Services", "core\XerahS.Services\XerahS.Services.csproj", "{943A5394-A8E7-4DB8-9E28-081954A9C9AF}"
EndProject
Project("{2150E333-8FDC-42A3-9474-1A3956D46DE8}") = "Plugins", "Plugins", "{58D3A2C3-F96F-5E57-2C6B-ECE59D6A18FC}"
EndProject
Project("{FAE04EC0-301F-11D3-BF4B-00C04F79EFBC}") = "XerahS.Imgur.Plugin", "plugins\Imgur.Plugin\XerahS.Imgur.Plugin.csproj", "{3C6F3C12-78FE-40CD-A300-86F9DEAF047F}"
EndProject
Project("{FAE04EC0-301F-11D3-BF4B-00C04F79EFBC}") = "XerahS.AmazonS3.Plugin", "plugins\AmazonS3.Plugin\XerahS.AmazonS3.Plugin.csproj", "{21ADE7E5-729D-437E-9337-357875682C52}"
EndProject
Project("{FAE04EC0-301F-11D3-BF4B-00C04F79EFBC}") = "XerahS.Paste2.Plugin", "plugins\Paste2.Plugin\XerahS.Paste2.Plugin.csproj", "{ABF33802-49DC-43DD-8319-938DF8FE5661}"
EndProject
Project("{FAE04EC0-301F-11D3-BF4B-00C04F79EFBC}") = "XerahS.Pastebin.Plugin", "plugins\Pastebin.Plugin\XerahS.Pastebin.Plugin.csproj", "{B2C3D4E5-F6A7-48B9-0D1E-2F3A4B5C6D7E}"
EndProject
Project("{FAE04EC0-301F-11D3-BF4B-00C04F79EFBC}") = "XerahS.Ftp.Plugin", "plugins\Ftp.Plugin\XerahS.Ftp.Plugin.csproj", "{C3D4E5F6-A7B8-49C0-D2E3-4F5A6B7C8D9E}"
EndProject
Project("{FAE04EC0-301F-11D3-BF4B-00C04F79EFBC}") = "XerahS.GitHubGist.Plugin", "plugins\GitHubGist.Plugin\XerahS.GitHubGist.Plugin.csproj", "{2A8FD247-3218-4294-9321-4034C2DC6A36}"
EndProject
Project("{FAE04EC0-301F-11D3-BF4B-00C04F79EFBC}") = "XerahS.PluginExporter", "tools\XerahS.PluginExporter\XerahS.PluginExporter.csproj", "{F0A1664B-87CC-42C3-B152-654CC1331525}"
EndProject
Project("{FAE04EC0-301F-11D3-BF4B-00C04F79EFBC}") = "XerahS.Platform.MacOS", "..\platform\XerahS.Platform.MacOS\XerahS.Platform.MacOS.csproj", "{E948629F-A1FC-42D2-A9BF-E5A55689BAA6}"
EndProject
Project("{2150E333-8FDC-42A3-9474-1A3956D46DE8}") = "ShareX.ImageEditor", "ShareX.ImageEditor", "{9CDEF635-2B92-7BC4-7BA3-E0B4A4C557C7}"
EndProject
Project("{2150E333-8FDC-42A3-9474-1A3956D46DE8}") = "src", "src", "{E8CB8917-EEBC-BC23-7F1D-9730F69BE860}"
EndProject
Project("{FAE04EC0-301F-11D3-BF4B-00C04F79EFBC}") = "ShareX.ImageEditor", "..\..\ShareX.ImageEditor\src\ShareX.ImageEditor\ShareX.ImageEditor.csproj", "{9E99E9F2-FE0C-485D-9EF4-C54206AB4DCA}"
EndProject
Project("{FAE04EC0-301F-11D3-BF4B-00C04F79EFBC}") = "XerahS.Platform.Linux", "..\platform\XerahS.Platform.Linux\XerahS.Platform.Linux.csproj", "{326B5A95-16A2-4E7A-A320-8E253D5970E3}"
EndProject
Project("{FAE04EC0-301F-11D3-BF4B-00C04F79EFBC}") = "XerahS.Bootstrap", "app\XerahS.Bootstrap\XerahS.Bootstrap.csproj", "{AF70A291-5C9F-4307-A7DA-CA065FB1A60E}"
EndProject
Project("{FAE04EC0-301F-11D3-BF4B-00C04F79EFBC}") = "XerahS.CLI", "cli\XerahS.CLI\XerahS.CLI.csproj", "{A23ABD44-C0EA-4BD9-AE7B-1A3ACF94051D}"
EndProject
Project("{FAE04EC0-301F-11D3-BF4B-00C04F79EFBC}") = "XerahS.WatchFolder.Daemon", "tools\XerahS.WatchFolder.Daemon\XerahS.WatchFolder.Daemon.csproj", "{9A3FA828-611D-40F1-8810-F017B26CCC5E}"
EndProject
Project("{FAE04EC0-301F-11D3-BF4B-00C04F79EFBC}") = "XerahS.RegionCapture", "app\XerahS.RegionCapture\XerahS.RegionCapture.csproj", "{EACDC9A6-2E3B-460C-A076-4D752051A02E}"
EndProject
Project("{2150E333-8FDC-42A3-9474-1A3956D46DE8}") = "tests", "tests", "{0AB3BF05-4346-4AA6-1389-037BE0695223}"
EndProject
Project("{2150E333-8FDC-42A3-9474-1A3956D46DE8}") = "XerahS.Tests", "XerahS.Tests", "{D8FB812D-4611-5831-2554-17898CDE4405}"
EndProject
Project("{FAE04EC0-301F-11D3-BF4B-00C04F79EFBC}") = "XerahS.Tests", "..\..\tests\XerahS.Tests\XerahS.Tests.csproj", "{378EDF0A-940F-48D5-B20F-647CC9F00B2A}"
EndProject
Project("{FAE04EC0-301F-11D3-BF4B-00C04F79EFBC}") = "XerahS.Audits.Tool", "tools\XerahS.Audits.Tool\XerahS.Audits.Tool.csproj", "{0BA6546E-93E1-4DF9-800E-B9E3F4FBAC65}"
EndProject
Project("{FAE04EC0-301F-11D3-BF4B-00C04F79EFBC}") = "XerahS.Auto.Plugin", "plugins\Auto.Plugin\XerahS.Auto.Plugin.csproj", "{1CEDB548-E301-3D5B-9DE1-FE24C2043240}"
EndProject
Project("{FAE04EC0-301F-11D3-BF4B-00C04F79EFBC}") = "XerahS.Dropbox.Plugin", "plugins\Dropbox.Plugin\XerahS.Dropbox.Plugin.csproj", "{A2482D3A-63C9-4462-BB8B-3AC8C2CEAB58}"
EndProject
Project("{FAE04EC0-301F-11D3-BF4B-00C04F79EFBC}") = "XerahS.Bitly.Plugin", "plugins\Bitly.Plugin\XerahS.Bitly.Plugin.csproj", "{B4D5E6F7-A8B9-40C1-D3E4-5F6A7B8C9D0E}"
EndProject
Project("{FAE04EC0-301F-11D3-BF4B-00C04F79EFBC}") = "XerahS.Nextcloud.Plugin", "plugins\Nextcloud.Plugin\XerahS.Nextcloud.Plugin.csproj", "{7F88CB6E-D800-4165-BF4B-94787DC22253}"
EndProject
Project("{2150E333-8FDC-42A3-9474-1A3956D46DE8}") = "Plugins", "Plugins", "{07D57EEB-2F50-60C4-C011-FE4FA775C9A8}"
EndProject
Project("{FAE04EC0-301F-11D3-BF4B-00C04F79EFBC}") = "XerahS.Immich.Plugin", "plugins\Immich.Plugin\XerahS.Immich.Plugin.csproj", "{460B7DBB-04D9-4146-A5EB-93B6D942D50A}"
EndProject
Project("{FAE04EC0-301F-11D3-BF4B-00C04F79EFBC}") = "XerahS.XBackBone.Plugin", "plugins\XBackBone.Plugin\XerahS.XBackBone.Plugin.csproj", "{E5EB0331-9730-49EC-83D1-68B0CB7036C2}"
EndProject
Project("{FAE04EC0-301F-11D3-BF4B-00C04F79EFBC}") = "XerahS.Build.Tests", "..\..\tests\XerahS.Build.Tests\XerahS.Build.Tests.csproj", "{DF516A51-344C-43B7-83C0-700039ED4C3A}"
EndProject
Project("{FAE04EC0-301F-11D3-BF4B-00C04F79EFBC}") = "XerahS.Packaging", "..\..\build\linux\XerahS.Packaging\XerahS.Packaging.csproj", "{A3045E3A-9521-4A3F-9F20-A3DC6EC98F24}"
EndProject
Project("{2150E333-8FDC-42A3-9474-1A3956D46DE8}") = "Omacut", "Omacut", "{E4FD90FE-65C7-1EC7-038C-7350BEAF0ABE}"
EndProject
Project("{FAE04EC0-301F-11D3-BF4B-00C04F79EFBC}") = "Omacut", "..\..\Omacut\dotnet\src\Omacut\Omacut.csproj", "{E1ADD487-8115-432F-A32A-D497A3D78DCD}"
EndProject
Project("{FAE04EC0-301F-11D3-BF4B-00C04F79EFBC}") = "XerahS.Email.Plugin", "plugins\Email.Plugin\XerahS.Email.Plugin.csproj", "{CE84BCC0-2795-4EBA-962D-C73FE887A3C8}"
EndProject
Project("{FAE04EC0-301F-11D3-BF4B-00C04F79EFBC}") = "XerahS.Vgyme.Plugin", "plugins\Vgyme.Plugin\XerahS.Vgyme.Plugin.csproj", "{2BDC9E87-4E75-42BC-B004-0B4F950F868F}"
EndProject
Project("{FAE04EC0-301F-11D3-BF4B-00C04F79EFBC}") = "XerahS.Chevereto.Plugin", "plugins\Chevereto.Plugin\XerahS.Chevereto.Plugin.csproj", "{8140C6C6-4E9B-485F-BD35-ED218E7C4CE8}"
EndProject
Project("{FAE04EC0-301F-11D3-BF4B-00C04F79EFBC}") = "XerahS.Flickr.Plugin", "plugins\Flickr.Plugin\XerahS.Flickr.Plugin.csproj", "{2C2E9904-FC43-4FE9-841C-5F0C93F8B429}"
EndProject
Project("{FAE04EC0-301F-11D3-BF4B-00C04F79EFBC}") = "XerahS.ImgBB.Plugin", "plugins\ImgBB.Plugin\XerahS.ImgBB.Plugin.csproj", "{15941805-EDB1-4464-BEDC-D2F73553275F}"
EndProject
Project("{FAE04EC0-301F-11D3-BF4B-00C04F79EFBC}") = "XerahS.ImageChest.Plugin", "plugins\ImageChest.Plugin\XerahS.ImageChest.Plugin.csproj", "{FF81066B-A138-48F0-B401-A903C7B9C06F}"
EndProject
Project("{FAE04EC0-301F-11D3-BF4B-00C04F79EFBC}") = "XerahS.Upaste.Plugin", "plugins\Upaste.Plugin\XerahS.Upaste.Plugin.csproj", "{A9432F97-CA2D-412E-89AC-B4AE1DBC8BE7}"
EndProject
Global
	GlobalSection(SolutionConfigurationPlatforms) = preSolution
		Debug|Any CPU = Debug|Any CPU
		Debug|x64 = Debug|x64
		Debug|x86 = Debug|x86
		Release|Any CPU = Release|Any CPU
		Release|x64 = Release|x64
		Release|x86 = Release|x86
	EndGlobalSection
	GlobalSection(ProjectConfigurationPlatforms) = postSolution
		{C714785B-5C8D-4C76-A9F6-BABB56DC3134}.Debug|Any CPU.ActiveCfg = Debug|Any CPU
		{C714785B-5C8D-4C76-A9F6-BABB56DC3134}.Debug|Any CPU.Build.0 = Debug|Any CPU
		{C714785B-5C8D-4C76-A9F6-BABB56DC3134}.Debug|x64.ActiveCfg = Debug|Any CPU
		{C714785B-5C8D-4C76-A9F6-BABB56DC3134}.Debug|x64.Build.0 = Debug|Any CPU
		{C714785B-5C8D-4C76-A9F6-BABB56DC3134}.Debug|x86.ActiveCfg = Debug|Any CPU
		{C714785B-5C8D-4C76-A9F6-BABB56DC3134}.Debug|x86.Build.0 = Debug|Any CPU
		{C714785B-5C8D-4C76-A9F6-BABB56DC3134}.Release|Any CPU.ActiveCfg = Release|Any CPU
		{C714785B-5C8D-4C76-A9F6-BABB56DC3134}.Release|Any CPU.Build.0 = Release|Any CPU
		{C714785B-5C8D-4C76-A9F6-BABB56DC3134}.Release|x64.ActiveCfg = Release|Any CPU
		{C714785B-5C8D-4C76-A9F6-BABB56DC3134}.Release|x64.Build.0 = Release|Any CPU
		{C714785B-5C8D-4C76-A9F6-BABB56DC3134}.Release|x86.ActiveCfg = Release|Any CPU
		{C714785B-5C8D-4C76-A9F6-BABB56DC3134}.Release|x86.Build.0 = Release|Any CPU
		{057F6144-295C-4944-A8F6-B9766DA78499}.Debug|Any CPU.ActiveCfg = Debug|Any CPU
		{057F6144-295C-4944-A8F6-B9766DA78499}.Debug|Any CPU.Build.0 = Debug|Any CPU
		{057F6144-295C-4944-A8F6-B9766DA78499}.Debug|x64.ActiveCfg = Debug|Any CPU
		{057F6144-295C-4944-A8F6-B9766DA78499}.Debug|x64.Build.0 = Debug|Any CPU
		{057F6144-295C-4944-A8F6-B9766DA78499}.Debug|x86.ActiveCfg = Debug|Any CPU
		{057F6144-295C-4944-A8F6-B9766DA78499}.Debug|x86.Build.0 = Debug|Any CPU
		{057F6144-295C-4944-A8F6-B9766DA78499}.Release|Any CPU.ActiveCfg = Release|Any CPU
		{057F6144-295C-4944-A8F6-B9766DA78499}.Release|Any CPU.Build.0 = Release|Any CPU
		{057F6144-295C-4944-A8F6-B9766DA78499}.Release|x64.ActiveCfg = Release|Any CPU
		{057F6144-295C-4944-A8F6-B9766DA78499}.Release|x64.Build.0 = Release|Any CPU
		{057F6144-295C-4944-A8F6-B9766DA78499}.Release|x86.ActiveCfg = Release|Any CPU
		{057F6144-295C-4944-A8F6-B9766DA78499}.Release|x86.Build.0 = Release|Any CPU
		{4C56F5E8-9294-44CD-A07C-FA5B431B2FFD}.Debug|Any CPU.ActiveCfg = Debug|Any CPU
		{4C56F5E8-9294-44CD-A07C-FA5B431B2FFD}.Debug|Any CPU.Build.0 = Debug|Any CPU
		{4C56F5E8-9294-44CD-A07C-FA5B431B2FFD}.Debug|x64.ActiveCfg = Debug|Any CPU
		{4C56F5E8-9294-44CD-A07C-FA5B431B2FFD}.Debug|x64.Build.0 = Debug|Any CPU
		{4C56F5E8-9294-44CD-A07C-FA5B431B2FFD}.Debug|x86.ActiveCfg = Debug|Any CPU
		{4C56F5E8-9294-44CD-A07C-FA5B431B2FFD}.Debug|x86.Build.0 = Debug|Any CPU
		{4C56F5E8-9294-44CD-A07C-FA5B431B2FFD}.Release|Any CPU.ActiveCfg = Release|Any CPU
		{4C56F5E8-9294-44CD-A07C-FA5B431B2FFD}.Release|Any CPU.Build.0 = Release|Any CPU
		{4C56F5E8-9294-44CD-A07C-FA5B431B2FFD}.Release|x64.ActiveCfg = Release|Any CPU
		{4C56F5E8-9294-44CD-A07C-FA5B431B2FFD}.Release|x64.Build.0 = Release|Any CPU
		{4C56F5E8-9294-44CD-A07C-FA5B431B2FFD}.Release|x86.ActiveCfg = Release|Any CPU
		{4C56F5E8-9294-44CD-A07C-FA5B431B2FFD}.Release|x86.Build.0 = Release|Any CPU
		{85483A44-F85B-400D-82E5-0087448F8465}.Debug|Any CPU.ActiveCfg = Debug|Any CPU
		{85483A44-F85B-400D-82E5-0087448F8465}.Debug|Any CPU.Build.0 = Debug|Any CPU
		{85483A44-F85B-400D-82E5-0087448F8465}.Debug|x64.ActiveCfg = Debug|Any CPU
		{85483A44-F85B-400D-82E5-0087448F8465}.Debug|x64.Build.0 = Debug|Any CPU
		{85483A44-F85B-400D-82E5-0087448F8465}.Debug|x86.ActiveCfg = Debug|Any CPU
		{85483A44-F85B-400D-82E5-0087448F8465}.Debug|x86.Build.0 = Debug|Any CPU
		{85483A44-F85B-400D-82E5-0087448F8465}.Release|Any CPU.ActiveCfg = Release|Any CPU
		{85483A44-F85B-400D-82E5-0087448F8465}.Release|Any CPU.Build.0 = Release|Any CPU
		{85483A44-F85B-400D-82E5-0087448F8465}.Release|x64.ActiveCfg = Release|Any CPU
		{85483A44-F85B-400D-82E5-0087448F8465}.Release|x64.Build.0 = Release|Any CPU
		{85483A44-F85B-400D-82E5-0087448F8465}.Release|x86.ActiveCfg = Release|Any CPU
		{85483A44-F85B-400D-82E5-0087448F8465}.Release|x86.Build.0 = Release|Any CPU
		{2A91F8A0-7FA8-4A01-97D1-4C31F7C8FA11}.Debug|Any CPU.ActiveCfg = Debug|Any CPU
		{2A91F8A0-7FA8-4A01-97D1-4C31F7C8FA11}.Debug|Any CPU.Build.0 = Debug|Any CPU
		{2A91F8A0-7FA8-4A01-97D1-4C31F7C8FA11}.Debug|x64.ActiveCfg = Debug|Any CPU
		{2A91F8A0-7FA8-4A01-97D1-4C31F7C8FA11}.Debug|x64.Build.0 = Debug|Any CPU
		{2A91F8A0-7FA8-4A01-97D1-4C31F7C8FA11}.Debug|x86.ActiveCfg = Debug|Any CPU
		{2A91F8A0-7FA8-4A01-97D1-4C31F7C8FA11}.Debug|x86.Build.0 = Debug|Any CPU
		{2A91F8A0-7FA8-4A01-97D1-4C31F7C8FA11}.Release|Any CPU.ActiveCfg = Release|Any CPU
		{2A91F8A0-7FA8-4A01-97D1-4C31F7C8FA11}.Release|Any CPU.Build.0 = Release|Any CPU
		{2A91F8A0-7FA8-4A01-97D1-4C31F7C8FA11}.Release|x64.ActiveCfg = Release|Any CPU
		{2A91F8A0-7FA8-4A01-97D1-4C31F7C8FA11}.Release|x64.Build.0 = Release|Any CPU
		{2A91F8A0-7FA8-4A01-97D1-4C31F7C8FA11}.Release|x86.ActiveCfg = Release|Any CPU
		{2A91F8A0-7FA8-4A01-97D1-4C31F7C8FA11}.Release|x86.Build.0 = Release|Any CPU
		{5FD4583A-B0F8-4A3C-A5E7-4656A9D7AA6B}.Debug|Any CPU.ActiveCfg = Debug|Any CPU
		{5FD4583A-B0F8-4A3C-A5E7-4656A9D7AA6B}.Debug|Any CPU.Build.0 = Debug|Any CPU
		{5FD4583A-B0F8-4A3C-A5E7-4656A9D7AA6B}.Debug|x64.ActiveCfg = Debug|Any CPU
		{5FD4583A-B0F8-4A3C-A5E7-4656A9D7AA6B}.Debug|x64.Build.0 = Debug|Any CPU
		{5FD4583A-B0F8-4A3C-A5E7-4656A9D7AA6B}.Debug|x86.ActiveCfg = Debug|Any CPU
		{5FD4583A-B0F8-4A3C-A5E7-4656A9D7AA6B}.Debug|x86.Build.0 = Debug|Any CPU
		{5FD4583A-B0F8-4A3C-A5E7-4656A9D7AA6B}.Release|Any CPU.ActiveCfg = Release|Any CPU
		{5FD4583A-B0F8-4A3C-A5E7-4656A9D7AA6B}.Release|Any CPU.Build.0 = Release|Any CPU
		{5FD4583A-B0F8-4A3C-A5E7-4656A9D7AA6B}.Release|x64.ActiveCfg = Release|Any CPU
		{5FD4583A-B0F8-4A3C-A5E7-4656A9D7AA6B}.Release|x64.Build.0 = Release|Any CPU
		{5FD4583A-B0F8-4A3C-A5E7-4656A9D7AA6B}.Release|x86.ActiveCfg = Release|Any CPU
		{5FD4583A-B0F8-4A3C-A5E7-4656A9D7AA6B}.Release|x86.Build.0 = Release|Any CPU
		{4EDCA378-8B9C-4EA7-B483-2F53798375EF}.Debug|Any CPU.ActiveCfg = Debug|Any CPU
		{4EDCA378-8B9C-4EA7-B483-2F53798375EF}.Debug|Any CPU.Build.0 = Debug|Any CPU
		{4EDCA378-8B9C-4EA7-B483-2F53798375EF}.Debug|x64.ActiveCfg = Debug|Any CPU
		{4EDCA378-8B9C-4EA7-B483-2F53798375EF}.Debug|x64.Build.0 = Debug|Any CPU
		{4EDCA378-8B9C-4EA7-B483-2F53798375EF}.Debug|x86.ActiveCfg = Debug|Any CPU
		{4EDCA378-8B9C-4EA7-B483-2F53798375EF}.Debug|x86.Build.0 = Debug|Any CPU
		{4EDCA378-8B9C-4EA7-B483-2F53798375EF}.Release|Any CPU.ActiveCfg = Release|Any CPU
		{4EDCA378-8B9C-4EA7-B483-2F53798375EF}.Release|Any CPU.Build.0 = Release|Any CPU
		{4EDCA378-8B9C-4EA7-B483-2F53798375EF}.Release|x64.ActiveCfg = Release|Any CPU
		{4EDCA378-8B9C-4EA7-B483-2F53798375EF}.Release|x64.Build.0 = Release|Any CPU
		{4EDCA378-8B9C-4EA7-B483-2F53798375EF}.Release|x86.ActiveCfg = Release|Any CPU
		{4EDCA378-8B9C-4EA7-B483-2F53798375EF}.Release|x86.Build.0 = Release|Any CPU
		{36919F84-0925-49D1-B6B3-35D206F106CC}.Debug|Any CPU.ActiveCfg = Debug|Any CPU
		{36919F84-0925-49D1-B6B3-35D206F106CC}.Debug|Any CPU.Build.0 = Debug|Any CPU
		{36919F84-0925-49D1-B6B3-35D206F106CC}.Debug|x64.ActiveCfg = Debug|Any CPU
		{36919F84-0925-49D1-B6B3-35D206F106CC}.Debug|x64.Build.0 = Debug|Any CPU
		{36919F84-0925-49D1-B6B3-35D206F106CC}.Debug|x86.ActiveCfg = Debug|Any CPU
		{36919F84-0925-49D1-B6B3-35D206F106CC}.Debug|x86.Build.0 = Debug|Any CPU
		{36919F84-0925-49D1-B6B3-35D206F106CC}.Release|Any CPU.ActiveCfg = Release|Any CPU
		{36919F84-0925-49D1-B6B3-35D206F106CC}.Release|Any CPU.Build.0 = Release|Any CPU
		{36919F84-0925-49D1-B6B3-35D206F106CC}.Release|x64.ActiveCfg = Release|Any CPU
		{36919F84-0925-49D1-B6B3-35D206F106CC}.Release|x64.Build.0 = Release|Any CPU
		{36919F84-0925-49D1-B6B3-35D206F106CC}.Release|x86.ActiveCfg = Release|Any CPU
		{36919F84-0925-49D1-B6B3-35D206F106CC}.Release|x86.Build.0 = Release|Any CPU
		{EE2C5D43-DAFA-42A1-AB21-35B0D175CABD}.Debug|Any CPU.ActiveCfg = Debug|Any CPU
		{EE2C5D43-DAFA-42A1-AB21-35B0D175CABD}.Debug|Any CPU.Build.0 = Debug|Any CPU
		{EE2C5D43-DAFA-42A1-AB21-35B0D175CABD}.Debug|x64.ActiveCfg = Debug|Any CPU
		{EE2C5D43-DAFA-42A1-AB21-35B0D175CABD}.Debug|x64.Build.0 = Debug|Any CPU
		{EE2C5D43-DAFA-42A1-AB21-35B0D175CABD}.Debug|x86.ActiveCfg = Debug|Any CPU
		{EE2C5D43-DAFA-42A1-AB21-35B0D175CABD}.Debug|x86.Build.0 = Debug|Any CPU
		{EE2C5D43-DAFA-42A1-AB21-35B0D175CABD}.Release|Any CPU.ActiveCfg = Release|Any CPU
		{EE2C5D43-DAFA-42A1-AB21-35B0D175CABD}.Release|Any CPU.Build.0 = Release|Any CPU
		{EE2C5D43-DAFA-42A1-AB21-35B0D175CABD}.Release|x64.ActiveCfg = Release|Any CPU
		{EE2C5D43-DAFA-42A1-AB21-35B0D175CABD}.Release|x64.Build.0 = Release|Any CPU
		{EE2C5D43-DAFA-42A1-AB21-35B0D175CABD}.Release|x86.ActiveCfg = Release|Any CPU
		{EE2C5D43-DAFA-42A1-AB21-35B0D175CABD}.Release|x86.Build.0 = Release|Any CPU
		{B1C2D3E4-F5A6-47B8-9C0D-1E2F3A4B5C6D}.Debug|Any CPU.ActiveCfg = Debug|Any CPU
		{B1C2D3E4-F5A6-47B8-9C0D-1E2F3A4B5C6D}.Debug|Any CPU.Build.0 = Debug|Any CPU
		{B1C2D3E4-F5A6-47B8-9C0D-1E2F3A4B5C6D}.Debug|x64.ActiveCfg = Debug|Any CPU
		{B1C2D3E4-F5A6-47B8-9C0D-1E2F3A4B5C6D}.Debug|x64.Build.0 = Debug|Any CPU
		{B1C2D3E4-F5A6-47B8-9C0D-1E2F3A4B5C6D}.Debug|x86.ActiveCfg = Debug|Any CPU
		{B1C2D3E4-F5A6-47B8-9C0D-1E2F3A4B5C6D}.Debug|x86.Build.0 = Debug|Any CPU
		{B1C2D3E4-F5A6-47B8-9C0D-1E2F3A4B5C6D}.Release|Any CPU.ActiveCfg = Release|Any CPU
		{B1C2D3E4-F5A6-47B8-9C0D-1E2F3A4B5C6D}.Release|Any CPU.Build.0 = Release|Any CPU
		{B1C2D3E4-F5A6-47B8-9C0D-1E2F3A4B5C6D}.Release|x64.ActiveCfg = Release|Any CPU
		{B1C2D3E4-F5A6-47B8-9C0D-1E2F3A4B5C6D}.Release|x64.Build.0 = Release|Any CPU
		{B1C2D3E4-F5A6-47B8-9C0D-1E2F3A4B5C6D}.Release|x86.ActiveCfg = Release|Any CPU
		{B1C2D3E4-F5A6-47B8-9C0D-1E2F3A4B5C6D}.Release|x86.Build.0 = Release|Any CPU
		{AD3064B1-3E03-48CA-BF35-9F0633C53A37}.Debug|Any CPU.ActiveCfg = Debug|Any CPU
		{AD3064B1-3E03-48CA-BF35-9F0633C53A37}.Debug|Any CPU.Build.0 = Debug|Any CPU
		{AD3064B1-3E03-48CA-BF35-9F0633C53A37}.Debug|x64.ActiveCfg = Debug|Any CPU
		{AD3064B1-3E03-48CA-BF35-9F0633C53A37}.Debug|x64.Build.0 = Debug|Any CPU
		{AD3064B1-3E03-48CA-BF35-9F0633C53A37}.Debug|x86.ActiveCfg = Debug|Any CPU
		{AD3064B1-3E03-48CA-BF35-9F0633C53A37}.Debug|x86.Build.0 = Debug|Any CPU
		{AD3064B1-3E03-48CA-BF35-9F0633C53A37}.Release|Any CPU.ActiveCfg = Release|Any CPU
		{AD3064B1-3E03-48CA-BF35-9F0633C53A37}.Release|Any CPU.Build.0 = Release|Any CPU
		{AD3064B1-3E03-48CA-BF35-9F0633C53A37}.Release|x64.ActiveCfg = Release|Any CPU
		{AD3064B1-3E03-48CA-BF35-9F0633C53A37}.Release|x64.Build.0 = Release|Any CPU
		{AD3064B1-3E03-48CA-BF35-9F0633C53A37}.Release|x86.ActiveCfg = Release|Any CPU
		{AD3064B1-3E03-48CA-BF35-9F0633C53A37}.Release|x86.Build.0 = Release|Any CPU
		{EFCD5F4F-9CE6-4516-8DB4-4B7CC2D70560}.Debug|Any CPU.ActiveCfg = Debug|Any CPU
		{EFCD5F4F-9CE6-4516-8DB4-4B7CC2D70560}.Debug|Any CPU.Build.0 = Debug|Any CPU
		{EFCD5F4F-9CE6-4516-8DB4-4B7CC2D70560}.Debug|x64.ActiveCfg = Debug|Any CPU
		{EFCD5F4F-9CE6-4516-8DB4-4B7CC2D70560}.Debug|x64.Build.0 = Debug|Any CPU
		{EFCD5F4F-9CE6-4516-8DB4-4B7CC2D70560}.Debug|x86.ActiveCfg = Debug|Any CPU
		{EFCD5F4F-9CE6-4516-8DB4-4B7CC2D70560}.Debug|x86.Build.0 = Debug|Any CPU
		{EFCD5F4F-9CE6-4516-8DB4-4B7CC2D70560}.Release|Any CPU.ActiveCfg = Release|Any CPU
		{EFCD5F4F-9CE6-4516-8DB4-4B7CC2D70560}.Release|Any CPU.Build.0 = Release|Any CPU
		{EFCD5F4F-9CE6-4516-8DB4-4B7CC2D70560}.Release|x64.ActiveCfg = Release|Any CPU
		{EFCD5F4F-9CE6-4516-8DB4-4B7CC2D70560}.Release|x64.Build.0 = Release|Any CPU
		{EFCD5F4F-9CE6-4516-8DB4-4B7CC2D70560}.Release|x86.ActiveCfg = Release|Any CPU
		{EFCD5F4F-9CE6-4516-8DB4-4B7CC2D70560}.Release|x86.Build.0 = Release|Any CPU
		{1BA75A7B-3F6F-4BC0-A11F-4F95806799E2}.Debug|Any CPU.ActiveCfg = Debug|Any CPU
		{1BA75A7B-3F6F-4BC0-A11F-4F95806799E2}.Debug|Any CPU.Build.0 = Debug|Any CPU
		{1BA75A7B-3F6F-4BC0-A11F-4F95806799E2}.Debug|x64.ActiveCfg = Debug|Any CPU
		{1BA75A7B-3F6F-4BC0-A11F-4F95806799E2}.Debug|x64.Build.0 = Debug|Any CPU
		{1BA75A7B-3F6F-4BC0-A11F-4F95806799E2}.Debug|x86.ActiveCfg = Debug|Any CPU
		{1BA75A7B-3F6F-4BC0-A11F-4F95806799E2}.Debug|x86.Build.0 = Debug|Any CPU
		{1BA75A7B-3F6F-4BC0-A11F-4F95806799E2}.Release|Any CPU.ActiveCfg = Release|Any CPU
		{1BA75A7B-3F6F-4BC0-A11F-4F95806799E2}.Release|Any CPU.Build.0 = Release|Any CPU
		{1BA75A7B-3F6F-4BC0-A11F-4F95806799E2}.Release|x64.ActiveCfg = Release|Any CPU
		{1BA75A7B-3F6F-4BC0-A11F-4F95806799E2}.Release|x64.Build.0 = Release|Any CPU
		{1BA75A7B-3F6F-4BC0-A11F-4F95806799E2}.Release|x86.ActiveCfg = Release|Any CPU
		{1BA75A7B-3F6F-4BC0-A11F-4F95806799E2}.Release|x86.Build.0 = Release|Any CPU
		{943A5394-A8E7-4DB8-9E28-081954A9C9AF}.Debug|Any CPU.ActiveCfg = Debug|Any CPU
		{943A5394-A8E7-4DB8-9E28-081954A9C9AF}.Debug|Any CPU.Build.0 = Debug|Any CPU
		{943A5394-A8E7-4DB8-9E28-081954A9C9AF}.Debug|x64.ActiveCfg = Debug|Any CPU
		{943A5394-A8E7-4DB8-9E28-081954A9C9AF}.Debug|x64.Build.0 = Debug|Any CPU
		{943A5394-A8E7-4DB8-9E28-081954A9C9AF}.Debug|x86.ActiveCfg = Debug|Any CPU
		{943A5394-A8E7-4DB8-9E28-081954A9C9AF}.Debug|x86.Build.0 = Debug|Any CPU
		{943A5394-A8E7-4DB8-9E28-081954A9C9AF}.Release|Any CPU.ActiveCfg = Release|Any CPU
		{943A5394-A8E7-4DB8-9E28-081954A9C9AF}.Release|Any CPU.Build.0 = Release|Any CPU
		{943A5394-A8E7-4DB8-9E28-081954A9C9AF}.Release|x64.ActiveCfg = Release|Any CPU
		{943A5394-A8E7-4DB8-9E28-081954A9C9AF}.Release|x64.Build.0 = Release|Any CPU
		{943A5394-A8E7-4DB8-9E28-081954A9C9AF}.Release|x86.ActiveCfg = Release|Any CPU
		{943A5394-A8E7-4DB8-9E28-081954A9C9AF}.Release|x86.Build.0 = Release|Any CPU
		{3C6F3C12-78FE-40CD-A300-86F9DEAF047F}.Debug|Any CPU.ActiveCfg = Debug|Any CPU
		{3C6F3C12-78FE-40CD-A300-86F9DEAF047F}.Debug|Any CPU.Build.0 = Debug|Any CPU
		{3C6F3C12-78FE-40CD-A300-86F9DEAF047F}.Debug|x64.ActiveCfg = Debug|Any CPU
		{3C6F3C12-78FE-40CD-A300-86F9DEAF047F}.Debug|x64.Build.0 = Debug|Any CPU
		{3C6F3C12-78FE-40CD-A300-86F9DEAF047F}.Debug|x86.ActiveCfg = Debug|Any CPU
		{3C6F3C12-78FE-40CD-A300-86F9DEAF047F}.Debug|x86.Build.0 = Debug|Any CPU
		{3C6F3C12-78FE-40CD-A300-86F9DEAF047F}.Release|Any CPU.ActiveCfg = Release|Any CPU
		{3C6F3C12-78FE-40CD-A300-86F9DEAF047F}.Release|Any CPU.Build.0 = Release|Any CPU
		{3C6F3C12-78FE-40CD-A300-86F9DEAF047F}.Release|x64.ActiveCfg = Release|Any CPU
		{3C6F3C12-78FE-40CD-A300-86F9DEAF047F}.Release|x64.Build.0 = Release|Any CPU
		{3C6F3C12-78FE-40CD-A300-86F9DEAF047F}.Release|x86.ActiveCfg = Release|Any CPU
		{3C6F3C12-78FE-40CD-A300-86F9DEAF047F}.Release|x86.Build.0 = Release|Any CPU
		{21ADE7E5-729D-437E-9337-357875682C52}.Debug|Any CPU.ActiveCfg = Debug|Any CPU
		{21ADE7E5-729D-437E-9337-357875682C52}.Debug|Any CPU.Build.0 = Debug|Any CPU
		{21ADE7E5-729D-437E-9337-357875682C52}.Debug|x64.ActiveCfg = Debug|Any CPU
		{21ADE7E5-729D-437E-9337-357875682C52}.Debug|x64.Build.0 = Debug|Any CPU
		{21ADE7E5-729D-437E-9337-357875682C52}.Debug|x86.ActiveCfg = Debug|Any CPU
		{21ADE7E5-729D-437E-9337-357875682C52}.Debug|x86.Build.0 = Debug|Any CPU
		{21ADE7E5-729D-437E-9337-357875682C52}.Release|Any CPU.ActiveCfg = Release|Any CPU
		{21ADE7E5-729D-437E-9337-357875682C52}.Release|Any CPU.Build.0 = Release|Any CPU
		{21ADE7E5-729D-437E-9337-357875682C52}.Release|x64.ActiveCfg = Release|Any CPU
		{21ADE7E5-729D-437E-9337-357875682C52}.Release|x64.Build.0 = Release|Any CPU
		{21ADE7E5-729D-437E-9337-357875682C52}.Release|x86.ActiveCfg = Release|Any CPU
		{21ADE7E5-729D-437E-9337-357875682C52}.Release|x86.Build.0 = Release|Any CPU
		{ABF33802-49DC-43DD-8319-938DF8FE5661}.Debug|Any CPU.ActiveCfg = Debug|Any CPU
		{ABF33802-49DC-43DD-8319-938DF8FE5661}.Debug|Any CPU.Build.0 = Debug|Any CPU
		{ABF33802-49DC-43DD-8319-938DF8FE5661}.Debug|x64.ActiveCfg = Debug|Any CPU
		{ABF33802-49DC-43DD-8319-938DF8FE5661}.Debug|x64.Build.0 = Debug|Any CPU
		{ABF33802-49DC-43DD-8319-938DF8FE5661}.Debug|x86.ActiveCfg = Debug|Any CPU
		{ABF33802-49DC-43DD-8319-938DF8FE5661}.Debug|x86.Build.0 = Debug|Any CPU
		{ABF33802-49DC-43DD-8319-938DF8FE5661}.Release|Any CPU.ActiveCfg = Release|Any CPU
		{ABF33802-49DC-43DD-8319-938DF8FE5661}.Release|Any CPU.Build.0 = Release|Any CPU
		{ABF33802-49DC-43DD-8319-938DF8FE5661}.Release|x64.ActiveCfg = Release|Any CPU
		{ABF33802-49DC-43DD-8319-938DF8FE5661}.Release|x64.Build.0 = Release|Any CPU
		{ABF33802-49DC-43DD-8319-938DF8FE5661}.Release|x86.ActiveCfg = Release|Any CPU
		{ABF33802-49DC-43DD-8319-938DF8FE5661}.Release|x86.Build.0 = Release|Any CPU
		{B2C3D4E5-F6A7-48B9-0D1E-2F3A4B5C6D7E}.Debug|Any CPU.ActiveCfg = Debug|Any CPU
		{B2C3D4E5-F6A7-48B9-0D1E-2F3A4B5C6D7E}.Debug|Any CPU.Build.0 = Debug|Any CPU
		{B2C3D4E5-F6A7-48B9-0D1E-2F3A4B5C6D7E}.Debug|x64.ActiveCfg = Debug|Any CPU
		{B2C3D4E5-F6A7-48B9-0D1E-2F3A4B5C6D7E}.Debug|x64.Build.0 = Debug|Any CPU
		{B2C3D4E5-F6A7-48B9-0D1E-2F3A4B5C6D7E}.Debug|x86.ActiveCfg = Debug|Any CPU
		{B2C3D4E5-F6A7-48B9-0D1E-2F3A4B5C6D7E}.Debug|x86.Build.0 = Debug|Any CPU
		{B2C3D4E5-F6A7-48B9-0D1E-2F3A4B5C6D7E}.Release|Any CPU.ActiveCfg = Release|Any CPU
		{B2C3D4E5-F6A7-48B9-0D1E-2F3A4B5C6D7E}.Release|Any CPU.Build.0 = Release|Any CPU
		{B2C3D4E5-F6A7-48B9-0D1E-2F3A4B5C6D7E}.Release|x64.ActiveCfg = Release|Any CPU
		{B2C3D4E5-F6A7-48B9-0D1E-2F3A4B5C6D7E}.Release|x64.Build.0 = Release|Any CPU
		{B2C3D4E5-F6A7-48B9-0D1E-2F3A4B5C6D7E}.Release|x86.ActiveCfg = Release|Any CPU
		{B2C3D4E5-F6A7-48B9-0D1E-2F3A4B5C6D7E}.Release|x86.Build.0 = Release|Any CPU
		{C3D4E5F6-A7B8-49C0-D2E3-4F5A6B7C8D9E}.Debug|Any CPU.ActiveCfg = Debug|Any CPU
		{C3D4E5F6-A7B8-49C0-D2E3-4F5A6B7C8D9E}.Debug|Any CPU.Build.0 = Debug|Any CPU
		{C3D4E5F6-A7B8-49C0-D2E3-4F5A6B7C8D9E}.Debug|x64.ActiveCfg = Debug|Any CPU
		{C3D4E5F6-A7B8-49C0-D2E3-4F5A6B7C8D9E}.Debug|x64.Build.0 = Debug|Any CPU
		{C3D4E5F6-A7B8-49C0-D2E3-4F5A6B7C8D9E}.Debug|x86.ActiveCfg = Debug|Any CPU
		{C3D4E5F6-A7B8-49C0-D2E3-4F5A6B7C8D9E}.Debug|x86.Build.0 = Debug|Any CPU
		{C3D4E5F6-A7B8-49C0-D2E3-4F5A6B7C8D9E}.Release|Any CPU.ActiveCfg = Release|Any CPU
		{C3D4E5F6-A7B8-49C0-D2E3-4F5A6B7C8D9E}.Release|Any CPU.Build.0 = Release|Any CPU
		{C3D4E5F6-A7B8-49C0-D2E3-4F5A6B7C8D9E}.Release|x64.ActiveCfg = Release|Any CPU
		{C3D4E5F6-A7B8-49C0-D2E3-4F5A6B7C8D9E}.Release|x64.Build.0 = Release|Any CPU
		{C3D4E5F6-A7B8-49C0-D2E3-4F5A6B7C8D9E}.Release|x86.ActiveCfg = Release|Any CPU
		{C3D4E5F6-A7B8-49C0-D2E3-4F5A6B7C8D9E}.Release|x86.Build.0 = Release|Any CPU
		{2A8FD247-3218-4294-9321-4034C2DC6A36}.Debug|Any CPU.ActiveCfg = Debug|Any CPU
		{2A8FD247-3218-4294-9321-4034C2DC6A36}.Debug|Any CPU.Build.0 = Debug|Any CPU
		{2A8FD247-3218-4294-9321-4034C2DC6A36}.Debug|x64.ActiveCfg = Debug|Any CPU
		{2A8FD247-3218-4294-9321-4034C2DC6A36}.Debug|x64.Build.0 = Debug|Any CPU
		{2A8FD247-3218-4294-9321-4034C2DC6A36}.Debug|x86.ActiveCfg = Debug|Any CPU
		{2A8FD247-3218-4294-9321-4034C2DC6A36}.Debug|x86.Build.0 = Debug|Any CPU
		{2A8FD247-3218-4294-9321-4034C2DC6A36}.Release|Any CPU.ActiveCfg = Release|Any CPU
		{2A8FD247-3218-4294-9321-4034C2DC6A36}.Release|Any CPU.Build.0 = Release|Any CPU
		{2A8FD247-3218-4294-9321-4034C2DC6A36}.Release|x64.ActiveCfg = Release|Any CPU
		{2A8FD247-3218-4294-9321-4034C2DC6A36}.Release|x64.Build.0 = Release|Any CPU
		{2A8FD247-3218-4294-9321-4034C2DC6A36}.Release|x86.ActiveCfg = Release|Any CPU
		{2A8FD247-3218-4294-9321-4034C2DC6A36}.Release|x86.Build.0 = Release|Any CPU
		{F0A1664B-87CC-42C3-B152-654CC1331525}.Debug|Any CPU.ActiveCfg = Debug|Any CPU
		{F0A1664B-87CC-42C3-B152-654CC1331525}.Debug|Any CPU.Build.0 = Debug|Any CPU
		{F0A1664B-87CC-42C3-B152-654CC1331525}.Debug|x64.ActiveCfg = Debug|Any CPU
		{F0A1664B-87CC-42C3-B152-654CC1331525}.Debug|x64.Build.0 = Debug|Any CPU
		{F0A1664B-87CC-42C3-B152-654CC1331525}.Debug|x86.ActiveCfg = Debug|Any CPU
		{F0A1664B-87CC-42C3-B152-654CC1331525}.Debug|x86.Build.0 = Debug|Any CPU
		{F0A1664B-87CC-42C3-B152-654CC1331525}.Release|Any CPU.ActiveCfg = Release|Any CPU
		{F0A1664B-87CC-42C3-B152-654CC1331525}.Release|Any CPU.Build.0 = Release|Any CPU
		{F0A1664B-87CC-42C3-B152-654CC1331525}.Release|x64.ActiveCfg = Release|Any CPU
		{F0A1664B-87CC-42C3-B152-654CC1331525}.Release|x64.Build.0 = Release|Any CPU
		{F0A1664B-87CC-42C3-B152-654CC1331525}.Release|x86.ActiveCfg = Release|Any CPU
		{F0A1664B-87CC-42C3-B152-654CC1331525}.Release|x86.Build.0 = Release|Any CPU
		{E948629F-A1FC-42D2-A9BF-E5A55689BAA6}.Debug|Any CPU.ActiveCfg = Debug|Any CPU
		{E948629F-A1FC-42D2-A9BF-E5A55689BAA6}.Debug|Any CPU.Build.0 = Debug|Any CPU
		{E948629F-A1FC-42D2-A9BF-E5A55689BAA6}.Debug|x64.ActiveCfg = Debug|Any CPU
		{E948629F-A1FC-42D2-A9BF-E5A55689BAA6}.Debug|x64.Build.0 = Debug|Any CPU
		{E948629F-A1FC-42D2-A9BF-E5A55689BAA6}.Debug|x86.ActiveCfg = Debug|Any CPU
		{E948629F-A1FC-42D2-A9BF-E5A55689BAA6}.Debug|x86.Build.0 = Debug|Any CPU
		{E948629F-A1FC-42D2-A9BF-E5A55689BAA6}.Release|Any CPU.ActiveCfg = Release|Any CPU
		{E948629F-A1FC-42D2-A9BF-E5A55689BAA6}.Release|Any CPU.Build.0 = Release|Any CPU
		{E948629F-A1FC-42D2-A9BF-E5A55689BAA6}.Release|x64.ActiveCfg = Release|Any CPU
		{E948629F-A1FC-42D2-A9BF-E5A55689BAA6}.Release|x64.Build.0 = Release|Any CPU
		{E948629F-A1FC-42D2-A9BF-E5A55689BAA6}.Release|x86.ActiveCfg = Release|Any CPU
		{E948629F-A1FC-42D2-A9BF-E5A55689BAA6}.Release|x86.Build.0 = Release|Any CPU
		{9E99E9F2-FE0C-485D-9EF4-C54206AB4DCA}.Debug|Any CPU.ActiveCfg = Debug|Any CPU
		{9E99E9F2-FE0C-485D-9EF4-C54206AB4DCA}.Debug|Any CPU.Build.0 = Debug|Any CPU
		{9E99E9F2-FE0C-485D-9EF4-C54206AB4DCA}.Debug|x64.ActiveCfg = Debug|Any CPU
		{9E99E9F2-FE0C-485D-9EF4-C54206AB4DCA}.Debug|x64.Build.0 = Debug|Any CPU
		{9E99E9F2-FE0C-485D-9EF4-C54206AB4DCA}.Debug|x86.ActiveCfg = Debug|Any CPU
		{9E99E9F2-FE0C-485D-9EF4-C54206AB4DCA}.Debug|x86.Build.0 = Debug|Any CPU
		{9E99E9F2-FE0C-485D-9EF4-C54206AB4DCA}.Release|Any CPU.ActiveCfg = Release|Any CPU
		{9E99E9F2-FE0C-485D-9EF4-C54206AB4DCA}.Release|Any CPU.Build.0 = Release|Any CPU
		{9E99E9F2-FE0C-485D-9EF4-C54206AB4DCA}.Release|x64.ActiveCfg = Release|Any CPU
		{9E99E9F2-FE0C-485D-9EF4-C54206AB4DCA}.Release|x64.Build.0 = Release|Any CPU
		{9E99E9F2-FE0C-485D-9EF4-C54206AB4DCA}.Release|x86.ActiveCfg = Release|Any CPU
		{9E99E9F2-FE0C-485D-9EF4-C54206AB4DCA}.Release|x86.Build.0 = Release|Any CPU
		{326B5A95-16A2-4E7A-A320-8E253D5970E3}.Debug|Any CPU.ActiveCfg = Debug|Any CPU
		{326B5A95-16A2-4E7A-A320-8E253D5970E3}.Debug|Any CPU.Build.0 = Debug|Any CPU
		{326B5A95-16A2-4E7A-A320-8E253D5970E3}.Debug|x64.ActiveCfg = Debug|Any CPU
		{326B5A95-16A2-4E7A-A320-8E253D5970E3}.Debug|x64.Build.0 = Debug|Any CPU
		{326B5A95-16A2-4E7A-A320-8E253D5970E3}.Debug|x86.ActiveCfg = Debug|Any CPU
		{326B5A95-16A2-4E7A-A320-8E253D5970E3}.Debug|x86.Build.0 = Debug|Any CPU
		{326B5A95-16A2-4E7A-A320-8E253D5970E3}.Release|Any CPU.ActiveCfg = Release|Any CPU
		{326B5A95-16A2-4E7A-A320-8E253D5970E3}.Release|Any CPU.Build.0 = Release|Any CPU
		{326B5A95-16A2-4E7A-A320-8E253D5970E3}.Release|x64.ActiveCfg = Release|Any CPU
		{326B5A95-16A2-4E7A-A320-8E253D5970E3}.Release|x64.Build.0 = Release|Any CPU
		{326B5A95-16A2-4E7A-A320-8E253D5970E3}.Release|x86.ActiveCfg = Release|Any CPU
		{326B5A95-16A2-4E7A-A320-8E253D5970E3}.Release|x86.Build.0 = Release|Any CPU
		{AF70A291-5C9F-4307-A7DA-CA065FB1A60E}.Debug|Any CPU.ActiveCfg = Debug|Any CPU
		{AF70A291-5C9F-4307-A7DA-CA065FB1A60E}.Debug|Any CPU.Build.0 = Debug|Any CPU
		{AF70A291-5C9F-4307-A7DA-CA065FB1A60E}.Debug|x64.ActiveCfg = Debug|Any CPU
		{AF70A291-5C9F-4307-A7DA-CA065FB1A60E}.Debug|x64.Build.0 = Debug|Any CPU
		{AF70A291-5C9F-4307-A7DA-CA065FB1A60E}.Debug|x86.ActiveCfg = Debug|Any CPU
		{AF70A291-5C9F-4307-A7DA-CA065FB1A60E}.Debug|x86.Build.0 = Debug|Any CPU
		{AF70A291-5C9F-4307-A7DA-CA065FB1A60E}.Release|Any CPU.ActiveCfg = Release|Any CPU
		{AF70A291-5C9F-4307-A7DA-CA065FB1A60E}.Release|Any CPU.Build.0 = Release|Any CPU
		{AF70A291-5C9F-4307-A7DA-CA065FB1A60E}.Release|x64.ActiveCfg = Release|Any CPU
		{AF70A291-5C9F-4307-A7DA-CA065FB1A60E}.Release|x64.Build.0 = Release|Any CPU
		{AF70A291-5C9F-4307-A7DA-CA065FB1A60E}.Release|x86.ActiveCfg = Release|Any CPU
		{AF70A291-5C9F-4307-A7DA-CA065FB1A60E}.Release|x86.Build.0 = Release|Any CPU
		{A23ABD44-C0EA-4BD9-AE7B-1A3ACF94051D}.Debug|Any CPU.ActiveCfg = Debug|Any CPU
		{A23ABD44-C0EA-4BD9-AE7B-1A3ACF94051D}.Debug|Any CPU.Build.0 = Debug|Any CPU
		{A23ABD44-C0EA-4BD9-AE7B-1A3ACF94051D}.Debug|x64.ActiveCfg = Debug|Any CPU
		{A23ABD44-C0EA-4BD9-AE7B-1A3ACF94051D}.Debug|x64.Build.0 = Debug|Any CPU
		{A23ABD44-C0EA-4BD9-AE7B-1A3ACF94051D}.Debug|x86.ActiveCfg = Debug|Any CPU
		{A23ABD44-C0EA-4BD9-AE7B-1A3ACF94051D}.Debug|x86.Build.0 = Debug|Any CPU
		{A23ABD44-C0EA-4BD9-AE7B-1A3ACF94051D}.Release|Any CPU.ActiveCfg = Release|Any CPU
		{A23ABD44-C0EA-4BD9-AE7B-1A3ACF94051D}.Release|Any CPU.Build.0 = Release|Any CPU
		{A23ABD44-C0EA-4BD9-AE7B-1A3ACF94051D}.Release|x64.ActiveCfg = Release|Any CPU
		{A23ABD44-C0EA-4BD9-AE7B-1A3ACF94051D}.Release|x64.Build.0 = Release|Any CPU
		{A23ABD44-C0EA-4BD9-AE7B-1A3ACF94051D}.Release|x86.ActiveCfg = Release|Any CPU
		{A23ABD44-C0EA-4BD9-AE7B-1A3ACF94051D}.Release|x86.Build.0 = Release|Any CPU
		{9A3FA828-611D-40F1-8810-F017B26CCC5E}.Debug|Any CPU.ActiveCfg = Debug|Any CPU
		{9A3FA828-611D-40F1-8810-F017B26CCC5E}.Debug|Any CPU.Build.0 = Debug|Any CPU
		{9A3FA828-611D-40F1-8810-F017B26CCC5E}.Debug|x64.ActiveCfg = Debug|Any CPU
		{9A3FA828-611D-40F1-8810-F017B26CCC5E}.Debug|x64.Build.0 = Debug|Any CPU
		{9A3FA828-611D-40F1-8810-F017B26CCC5E}.Debug|x86.ActiveCfg = Debug|Any CPU
		{9A3FA828-611D-40F1-8810-F017B26CCC5E}.Debug|x86.Build.0 = Debug|Any CPU
		{9A3FA828-611D-40F1-8810-F017B26CCC5E}.Release|Any CPU.ActiveCfg = Release|Any CPU
		{9A3FA828-611D-40F1-8810-F017B26CCC5E}.Release|Any CPU.Build.0 = Release|Any CPU
		{9A3FA828-611D-40F1-8810-F017B26CCC5E}.Release|x64.ActiveCfg = Release|Any CPU
		{9A3FA828-611D-40F1-8810-F017B26CCC5E}.Release|x64.Build.0 = Release|Any CPU
		{9A3FA828-611D-40F1-8810-F017B26CCC5E}.Release|x86.ActiveCfg = Release|Any CPU
		{9A3FA828-611D-40F1-8810-F017B26CCC5E}.Release|x86.Build.0 = Release|Any CPU
		{EACDC9A6-2E3B-460C-A076-4D752051A02E}.Debug|Any CPU.ActiveCfg = Debug|Any CPU
		{EACDC9A6-2E3B-460C-A076-4D752051A02E}.Debug|Any CPU.Build.0 = Debug|Any CPU
		{EACDC9A6-2E3B-460C-A076-4D752051A02E}.Debug|x64.ActiveCfg = Debug|Any CPU
		{EACDC9A6-2E3B-460C-A076-4D752051A02E}.Debug|x64.Build.0 = Debug|Any CPU
		{EACDC9A6-2E3B-460C-A076-4D752051A02E}.Debug|x86.ActiveCfg = Debug|Any CPU
		{EACDC9A6-2E3B-460C-A076-4D752051A02E}.Debug|x86.Build.0 = Debug|Any CPU
		{EACDC9A6-2E3B-460C-A076-4D752051A02E}.Release|Any CPU.ActiveCfg = Release|Any CPU
		{EACDC9A6-2E3B-460C-A076-4D752051A02E}.Release|Any CPU.Build.0 = Release|Any CPU
		{EACDC9A6-2E3B-460C-A076-4D752051A02E}.Release|x64.ActiveCfg = Release|Any CPU
		{EACDC9A6-2E3B-460C-A076-4D752051A02E}.Release|x64.Build.0 = Release|Any CPU
		{EACDC9A6-2E3B-460C-A076-4D752051A02E}.Release|x86.ActiveCfg = Release|Any CPU
		{EACDC9A6-2E3B-460C-A076-4D752051A02E}.Release|x86.Build.0 = Release|Any CPU
		{378EDF0A-940F-48D5-B20F-647CC9F00B2A}.Debug|Any CPU.ActiveCfg = Debug|Any CPU
		{378EDF0A-940F-48D5-B20F-647CC9F00B2A}.Debug|Any CPU.Build.0 = Debug|Any CPU
		{378EDF0A-940F-48D5-B20F-647CC9F00B2A}.Debug|x64.ActiveCfg = Debug|Any CPU
		{378EDF0A-940F-48D5-B20F-647CC9F00B2A}.Debug|x64.Build.0 = Debug|Any CPU
		{378EDF0A-940F-48D5-B20F-647CC9F00B2A}.Debug|x86.ActiveCfg = Debug|Any CPU
		{378EDF0A-940F-48D5-B20F-647CC9F00B2A}.Debug|x86.Build.0 = Debug|Any CPU
		{378EDF0A-940F-48D5-B20F-647CC9F00B2A}.Release|Any CPU.ActiveCfg = Release|Any CPU
		{378EDF0A-940F-48D5-B20F-647CC9F00B2A}.Release|Any CPU.Build.0 = Release|Any CPU
		{378EDF0A-940F-48D5-B20F-647CC9F00B2A}.Release|x64.ActiveCfg = Release|Any CPU
		{378EDF0A-940F-48D5-B20F-647CC9F00B2A}.Release|x64.Build.0 = Release|Any CPU
		{378EDF0A-940F-48D5-B20F-647CC9F00B2A}.Release|x86.ActiveCfg = Release|Any CPU
		{378EDF0A-940F-48D5-B20F-647CC9F00B2A}.Release|x86.Build.0 = Release|Any CPU
		{0BA6546E-93E1-4DF9-800E-B9E3F4FBAC65}.Debug|Any CPU.ActiveCfg = Debug|Any CPU
		{0BA6546E-93E1-4DF9-800E-B9E3F4FBAC65}.Debug|Any CPU.Build.0 = Debug|Any CPU
		{0BA6546E-93E1-4DF9-800E-B9E3F4FBAC65}.Debug|x64.ActiveCfg = Debug|Any CPU
		{0BA6546E-93E1-4DF9-800E-B9E3F4FBAC65}.Debug|x64.Build.0 = Debug|Any CPU
		{0BA6546E-93E1-4DF9-800E-B9E3F4FBAC65}.Debug|x86.ActiveCfg = Debug|Any CPU
		{0BA6546E-93E1-4DF9-800E-B9E3F4FBAC65}.Debug|x86.Build.0 = Debug|Any CPU
		{0BA6546E-93E1-4DF9-800E-B9E3F4FBAC65}.Release|Any CPU.ActiveCfg = Release|Any CPU
		{0BA6546E-93E1-4DF9-800E-B9E3F4FBAC65}.Release|Any CPU.Build.0 = Release|Any CPU
		{0BA6546E-93E1-4DF9-800E-B9E3F4FBAC65}.Release|x64.ActiveCfg = Release|Any CPU
		{0BA6546E-93E1-4DF9-800E-B9E3F4FBAC65}.Release|x64.Build.0 = Release|Any CPU
		{0BA6546E-93E1-4DF9-800E-B9E3F4FBAC65}.Release|x86.ActiveCfg = Release|Any CPU
		{0BA6546E-93E1-4DF9-800E-B9E3F4FBAC65}.Release|x86.Build.0 = Release|Any CPU
		{1CEDB548-E301-3D5B-9DE1-FE24C2043240}.Debug|Any CPU.ActiveCfg = Debug|Any CPU
		{1CEDB548-E301-3D5B-9DE1-FE24C2043240}.Debug|Any CPU.Build.0 = Debug|Any CPU
		{1CEDB548-E301-3D5B-9DE1-FE24C2043240}.Debug|x64.ActiveCfg = Debug|Any CPU
		{1CEDB548-E301-3D5B-9DE1-FE24C2043240}.Debug|x64.Build.0 = Debug|Any CPU
		{1CEDB548-E301-3D5B-9DE1-FE24C2043240}.Debug|x86.ActiveCfg = Debug|Any CPU
		{1CEDB548-E301-3D5B-9DE1-FE24C2043240}.Debug|x86.Build.0 = Debug|Any CPU
		{1CEDB548-E301-3D5B-9DE1-FE24C2043240}.Release|Any CPU.ActiveCfg = Release|Any CPU
		{1CEDB548-E301-3D5B-9DE1-FE24C2043240}.Release|Any CPU.Build.0 = Release|Any CPU
		{1CEDB548-E301-3D5B-9DE1-FE24C2043240}.Release|x64.ActiveCfg = Release|Any CPU
		{1CEDB548-E301-3D5B-9DE1-FE24C2043240}.Release|x64.Build.0 = Release|Any CPU
		{1CEDB548-E301-3D5B-9DE1-FE24C2043240}.Release|x86.ActiveCfg = Release|Any CPU
		{1CEDB548-E301-3D5B-9DE1-FE24C2043240}.Release|x86.Build.0 = Release|Any CPU
		{A2482D3A-63C9-4462-BB8B-3AC8C2CEAB58}.Debug|Any CPU.ActiveCfg = Debug|Any CPU
		{A2482D3A-63C9-4462-BB8B-3AC8C2CEAB58}.Debug|Any CPU.Build.0 = Debug|Any CPU
		{A2482D3A-63C9-4462-BB8B-3AC8C2CEAB58}.Debug|x64.ActiveCfg = Debug|Any CPU
		{A2482D3A-63C9-4462-BB8B-3AC8C2CEAB58}.Debug|x64.Build.0 = Debug|Any CPU
		{A2482D3A-63C9-4462-BB8B-3AC8C2CEAB58}.Debug|x86.ActiveCfg = Debug|Any CPU
		{A2482D3A-63C9-4462-BB8B-3AC8C2CEAB58}.Debug|x86.Build.0 = Debug|Any CPU
		{A2482D3A-63C9-4462-BB8B-3AC8C2CEAB58}.Release|Any CPU.ActiveCfg = Release|Any CPU
		{A2482D3A-63C9-4462-BB8B-3AC8C2CEAB58}.Release|Any CPU.Build.0 = Release|Any CPU
		{A2482D3A-63C9-4462-BB8B-3AC8C2CEAB58}.Release|x64.ActiveCfg = Release|Any CPU
		{A2482D3A-63C9-4462-BB8B-3AC8C2CEAB58}.Release|x64.Build.0 = Release|Any CPU
		{A2482D3A-63C9-4462-BB8B-3AC8C2CEAB58}.Release|x86.ActiveCfg = Release|Any CPU
		{A2482D3A-63C9-4462-BB8B-3AC8C2CEAB58}.Release|x86.Build.0 = Release|Any CPU
		{B4D5E6F7-A8B9-40C1-D3E4-5F6A7B8C9D0E}.Debug|Any CPU.ActiveCfg = Debug|Any CPU
		{B4D5E6F7-A8B9-40C1-D3E4-5F6A7B8C9D0E}.Debug|Any CPU.Build.0 = Debug|Any CPU
		{B4D5E6F7-A8B9-40C1-D3E4-5F6A7B8C9D0E}.Debug|x64.ActiveCfg = Debug|Any CPU
		{B4D5E6F7-A8B9-40C1-D3E4-5F6A7B8C9D0E}.Debug|x64.Build.0 = Debug|Any CPU
		{B4D5E6F7-A8B9-40C1-D3E4-5F6A7B8C9D0E}.Debug|x86.ActiveCfg = Debug|Any CPU
		{B4D5E6F7-A8B9-40C1-D3E4-5F6A7B8C9D0E}.Debug|x86.Build.0 = Debug|Any CPU
		{B4D5E6F7-A8B9-40C1-D3E4-5F6A7B8C9D0E}.Release|Any CPU.ActiveCfg = Release|Any CPU
		{B4D5E6F7-A8B9-40C1-D3E4-5F6A7B8C9D0E}.Release|Any CPU.Build.0 = Release|Any CPU
		{B4D5E6F7-A8B9-40C1-D3E4-5F6A7B8C9D0E}.Release|x64.ActiveCfg = Release|Any CPU
		{B4D5E6F7-A8B9-40C1-D3E4-5F6A7B8C9D0E}.Release|x64.Build.0 = Release|Any CPU
		{B4D5E6F7-A8B9-40C1-D3E4-5F6A7B8C9D0E}.Release|x86.ActiveCfg = Release|Any CPU
		{B4D5E6F7-A8B9-40C1-D3E4-5F6A7B8C9D0E}.Release|x86.Build.0 = Release|Any CPU
		{7F88CB6E-D800-4165-BF4B-94787DC22253}.Debug|Any CPU.ActiveCfg = Debug|Any CPU
		{7F88CB6E-D800-4165-BF4B-94787DC22253}.Debug|Any CPU.Build.0 = Debug|Any CPU
		{7F88CB6E-D800-4165-BF4B-94787DC22253}.Debug|x64.ActiveCfg = Debug|Any CPU
		{7F88CB6E-D800-4165-BF4B-94787DC22253}.Debug|x64.Build.0 = Debug|Any CPU
		{7F88CB6E-D800-4165-BF4B-94787DC22253}.Debug|x86.ActiveCfg = Debug|Any CPU
		{7F88CB6E-D800-4165-BF4B-94787DC22253}.Debug|x86.Build.0 = Debug|Any CPU
		{7F88CB6E-D800-4165-BF4B-94787DC22253}.Release|Any CPU.ActiveCfg = Release|Any CPU
		{7F88CB6E-D800-4165-BF4B-94787DC22253}.Release|Any CPU.Build.0 = Release|Any CPU
		{7F88CB6E-D800-4165-BF4B-94787DC22253}.Release|x64.ActiveCfg = Release|Any CPU
		{7F88CB6E-D800-4165-BF4B-94787DC22253}.Release|x64.Build.0 = Release|Any CPU
		{7F88CB6E-D800-4165-BF4B-94787DC22253}.Release|x86.ActiveCfg = Release|Any CPU
		{7F88CB6E-D800-4165-BF4B-94787DC22253}.Release|x86.Build.0 = Release|Any CPU
		{460B7DBB-04D9-4146-A5EB-93B6D942D50A}.Debug|Any CPU.ActiveCfg = Debug|Any CPU
		{460B7DBB-04D9-4146-A5EB-93B6D942D50A}.Debug|Any CPU.Build.0 = Debug|Any CPU
		{460B7DBB-04D9-4146-A5EB-93B6D942D50A}.Debug|x64.ActiveCfg = Debug|Any CPU
		{460B7DBB-04D9-4146-A5EB-93B6D942D50A}.Debug|x64.Build.0 = Debug|Any CPU
		{460B7DBB-04D9-4146-A5EB-93B6D942D50A}.Debug|x86.ActiveCfg = Debug|Any CPU
		{460B7DBB-04D9-4146-A5EB-93B6D942D50A}.Debug|x86.Build.0 = Debug|Any CPU
		{460B7DBB-04D9-4146-A5EB-93B6D942D50A}.Release|Any CPU.ActiveCfg = Release|Any CPU
		{460B7DBB-04D9-4146-A5EB-93B6D942D50A}.Release|Any CPU.Build.0 = Release|Any CPU
		{460B7DBB-04D9-4146-A5EB-93B6D942D50A}.Release|x64.ActiveCfg = Release|Any CPU
		{460B7DBB-04D9-4146-A5EB-93B6D942D50A}.Release|x64.Build.0 = Release|Any CPU
		{460B7DBB-04D9-4146-A5EB-93B6D942D50A}.Release|x86.ActiveCfg = Release|Any CPU
		{460B7DBB-04D9-4146-A5EB-93B6D942D50A}.Release|x86.Build.0 = Release|Any CPU
		{E5EB0331-9730-49EC-83D1-68B0CB7036C2}.Debug|Any CPU.ActiveCfg = Debug|Any CPU
		{E5EB0331-9730-49EC-83D1-68B0CB7036C2}.Debug|Any CPU.Build.0 = Debug|Any CPU
		{E5EB0331-9730-49EC-83D1-68B0CB7036C2}.Debug|x64.ActiveCfg = Debug|Any CPU
		{E5EB0331-9730-49EC-83D1-68B0CB7036C2}.Debug|x64.Build.0 = Debug|Any CPU
		{E5EB0331-9730-49EC-83D1-68B0CB7036C2}.Debug|x86.ActiveCfg = Debug|Any CPU
		{E5EB0331-9730-49EC-83D1-68B0CB7036C2}.Debug|x86.Build.0 = Debug|Any CPU
		{E5EB0331-9730-49EC-83D1-68B0CB7036C2}.Release|Any CPU.ActiveCfg = Release|Any CPU
		{E5EB0331-9730-49EC-83D1-68B0CB7036C2}.Release|Any CPU.Build.0 = Release|Any CPU
		{E5EB0331-9730-49EC-83D1-68B0CB7036C2}.Release|x64.ActiveCfg = Release|Any CPU
		{E5EB0331-9730-49EC-83D1-68B0CB7036C2}.Release|x64.Build.0 = Release|Any CPU
		{E5EB0331-9730-49EC-83D1-68B0CB7036C2}.Release|x86.ActiveCfg = Release|Any CPU
		{E5EB0331-9730-49EC-83D1-68B0CB7036C2}.Release|x86.Build.0 = Release|Any CPU
		{DF516A51-344C-43B7-83C0-700039ED4C3A}.Debug|Any CPU.ActiveCfg = Debug|Any CPU
		{DF516A51-344C-43B7-83C0-700039ED4C3A}.Debug|Any CPU.Build.0 = Debug|Any CPU
		{DF516A51-344C-43B7-83C0-700039ED4C3A}.Debug|x64.ActiveCfg = Debug|Any CPU
		{DF516A51-344C-43B7-83C0-700039ED4C3A}.Debug|x64.Build.0 = Debug|Any CPU
		{DF516A51-344C-43B7-83C0-700039ED4C3A}.Debug|x86.ActiveCfg = Debug|Any CPU
		{DF516A51-344C-43B7-83C0-700039ED4C3A}.Debug|x86.Build.0 = Debug|Any CPU
		{DF516A51-344C-43B7-83C0-700039ED4C3A}.Release|Any CPU.ActiveCfg = Release|Any CPU
		{DF516A51-344C-43B7-83C0-700039ED4C3A}.Release|Any CPU.Build.0 = Release|Any CPU
		{DF516A51-344C-43B7-83C0-700039ED4C3A}.Release|x64.ActiveCfg = Release|Any CPU
		{DF516A51-344C-43B7-83C0-700039ED4C3A}.Release|x64.Build.0 = Release|Any CPU
		{DF516A51-344C-43B7-83C0-700039ED4C3A}.Release|x86.ActiveCfg = Release|Any CPU
		{DF516A51-344C-43B7-83C0-700039ED4C3A}.Release|x86.Build.0 = Release|Any CPU
		{A3045E3A-9521-4A3F-9F20-A3DC6EC98F24}.Debug|Any CPU.ActiveCfg = Debug|Any CPU
		{A3045E3A-9521-4A3F-9F20-A3DC6EC98F24}.Debug|Any CPU.Build.0 = Debug|Any CPU
		{A3045E3A-9521-4A3F-9F20-A3DC6EC98F24}.Debug|x64.ActiveCfg = Debug|Any CPU
		{A3045E3A-9521-4A3F-9F20-A3DC6EC98F24}.Debug|x64.Build.0 = Debug|Any CPU
		{A3045E3A-9521-4A3F-9F20-A3DC6EC98F24}.Debug|x86.ActiveCfg = Debug|Any CPU
		{A3045E3A-9521-4A3F-9F20-A3DC6EC98F24}.Debug|x86.Build.0 = Debug|Any CPU
		{A3045E3A-9521-4A3F-9F20-A3DC6EC98F24}.Release|Any CPU.ActiveCfg = Release|Any CPU
		{A3045E3A-9521-4A3F-9F20-A3DC6EC98F24}.Release|Any CPU.Build.0 = Release|Any CPU
		{A3045E3A-9521-4A3F-9F20-A3DC6EC98F24}.Release|x64.ActiveCfg = Release|Any CPU
		{A3045E3A-9521-4A3F-9F20-A3DC6EC98F24}.Release|x64.Build.0 = Release|Any CPU
		{A3045E3A-9521-4A3F-9F20-A3DC6EC98F24}.Release|x86.ActiveCfg = Release|Any CPU
		{A3045E3A-9521-4A3F-9F20-A3DC6EC98F24}.Release|x86.Build.0 = Release|Any CPU
		{E1ADD487-8115-432F-A32A-D497A3D78DCD}.Debug|Any CPU.ActiveCfg = Debug|Any CPU
		{E1ADD487-8115-432F-A32A-D497A3D78DCD}.Debug|Any CPU.Build.0 = Debug|Any CPU
		{E1ADD487-8115-432F-A32A-D497A3D78DCD}.Debug|x64.ActiveCfg = Debug|Any CPU
		{E1ADD487-8115-432F-A32A-D497A3D78DCD}.Debug|x64.Build.0 = Debug|Any CPU
		{E1ADD487-8115-432F-A32A-D497A3D78DCD}.Debug|x86.ActiveCfg = Debug|Any CPU
		{E1ADD487-8115-432F-A32A-D497A3D78DCD}.Debug|x86.Build.0 = Debug|Any CPU
		{E1ADD487-8115-432F-A32A-D497A3D78DCD}.Release|Any CPU.ActiveCfg = Release|Any CPU
		{E1ADD487-8115-432F-A32A-D497A3D78DCD}.Release|Any CPU.Build.0 = Release|Any CPU
		{E1ADD487-8115-432F-A32A-D497A3D78DCD}.Release|x64.ActiveCfg = Release|Any CPU
		{E1ADD487-8115-432F-A32A-D497A3D78DCD}.Release|x64.Build.0 = Release|Any CPU
		{E1ADD487-8115-432F-A32A-D497A3D78DCD}.Release|x86.ActiveCfg = Release|Any CPU
		{E1ADD487-8115-432F-A32A-D497A3D78DCD}.Release|x86.Build.0 = Release|Any CPU
		{CE84BCC0-2795-4EBA-962D-C73FE887A3C8}.Debug|Any CPU.ActiveCfg = Debug|Any CPU
		{CE84BCC0-2795-4EBA-962D-C73FE887A3C8}.Debug|Any CPU.Build.0 = Debug|Any CPU
		{CE84BCC0-2795-4EBA-962D-C73FE887A3C8}.Debug|x64.ActiveCfg = Debug|Any CPU
		{CE84BCC0-2795-4EBA-962D-C73FE887A3C8}.Debug|x64.Build.0 = Debug|Any CPU
		{CE84BCC0-2795-4EBA-962D-C73FE887A3C8}.Debug|x86.ActiveCfg = Debug|Any CPU
		{CE84BCC0-2795-4EBA-962D-C73FE887A3C8}.Debug|x86.Build.0 = Debug|Any CPU
		{CE84BCC0-2795-4EBA-962D-C73FE887A3C8}.Release|Any CPU.ActiveCfg = Release|Any CPU
		{CE84BCC0-2795-4EBA-962D-C73FE887A3C8}.Release|Any CPU.Build.0 = Release|Any CPU
		{CE84BCC0-2795-4EBA-962D-C73FE887A3C8}.Release|x64.ActiveCfg = Release|Any CPU
		{CE84BCC0-2795-4EBA-962D-C73FE887A3C8}.Release|x64.Build.0 = Release|Any CPU
		{CE84BCC0-2795-4EBA-962D-C73FE887A3C8}.Release|x86.ActiveCfg = Release|Any CPU
		{CE84BCC0-2795-4EBA-962D-C73FE887A3C8}.Release|x86.Build.0 = Release|Any CPU
		{2BDC9E87-4E75-42BC-B004-0B4F950F868F}.Debug|Any CPU.ActiveCfg = Debug|Any CPU
		{2BDC9E87-4E75-42BC-B004-0B4F950F868F}.Debug|Any CPU.Build.0 = Debug|Any CPU
		{2BDC9E87-4E75-42BC-B004-0B4F950F868F}.Debug|x64.ActiveCfg = Debug|Any CPU
		{2BDC9E87-4E75-42BC-B004-0B4F950F868F}.Debug|x64.Build.0 = Debug|Any CPU
		{2BDC9E87-4E75-42BC-B004-0B4F950F868F}.Debug|x86.ActiveCfg = Debug|Any CPU
		{2BDC9E87-4E75-42BC-B004-0B4F950F868F}.Debug|x86.Build.0 = Debug|Any CPU
		{2BDC9E87-4E75-42BC-B004-0B4F950F868F}.Release|Any CPU.ActiveCfg = Release|Any CPU
		{2BDC9E87-4E75-42BC-B004-0B4F950F868F}.Release|Any CPU.Build.0 = Release|Any CPU
		{2BDC9E87-4E75-42BC-B004-0B4F950F868F}.Release|x64.ActiveCfg = Release|Any CPU
		{2BDC9E87-4E75-42BC-B004-0B4F950F868F}.Release|x64.Build.0 = Release|Any CPU
		{2BDC9E87-4E75-42BC-B004-0B4F950F868F}.Release|x86.ActiveCfg = Release|Any CPU
		{2BDC9E87-4E75-42BC-B004-0B4F950F868F}.Release|x86.Build.0 = Release|Any CPU
		{8140C6C6-4E9B-485F-BD35-ED218E7C4CE8}.Debug|Any CPU.ActiveCfg = Debug|Any CPU
		{8140C6C6-4E9B-485F-BD35-ED218E7C4CE8}.Debug|Any CPU.Build.0 = Debug|Any CPU
		{8140C6C6-4E9B-485F-BD35-ED218E7C4CE8}.Debug|x64.ActiveCfg = Debug|Any CPU
		{8140C6C6-4E9B-485F-BD35-ED218E7C4CE8}.Debug|x64.Build.0 = Debug|Any CPU
		{8140C6C6-4E9B-485F-BD35-ED218E7C4CE8}.Debug|x86.ActiveCfg = Debug|Any CPU
		{8140C6C6-4E9B-485F-BD35-ED218E7C4CE8}.Debug|x86.Build.0 = Debug|Any CPU
		{8140C6C6-4E9B-485F-BD35-ED218E7C4CE8}.Release|Any CPU.ActiveCfg = Release|Any CPU
		{8140C6C6-4E9B-485F-BD35-ED218E7C4CE8}.Release|Any CPU.Build.0 = Release|Any CPU
		{8140C6C6-4E9B-485F-BD35-ED218E7C4CE8}.Release|x64.ActiveCfg = Release|Any CPU
		{8140C6C6-4E9B-485F-BD35-ED218E7C4CE8}.Release|x64.Build.0 = Release|Any CPU
		{8140C6C6-4E9B-485F-BD35-ED218E7C4CE8}.Release|x86.ActiveCfg = Release|Any CPU
		{8140C6C6-4E9B-485F-BD35-ED218E7C4CE8}.Release|x86.Build.0 = Release|Any CPU
		{2C2E9904-FC43-4FE9-841C-5F0C93F8B429}.Debug|Any CPU.ActiveCfg = Debug|Any CPU
		{2C2E9904-FC43-4FE9-841C-5F0C93F8B429}.Debug|Any CPU.Build.0 = Debug|Any CPU
		{2C2E9904-FC43-4FE9-841C-5F0C93F8B429}.Debug|x64.ActiveCfg = Debug|Any CPU
		{2C2E9904-FC43-4FE9-841C-5F0C93F8B429}.Debug|x64.Build.0 = Debug|Any CPU
		{2C2E9904-FC43-4FE9-841C-5F0C93F8B429}.Debug|x86.ActiveCfg = Debug|Any CPU
		{2C2E9904-FC43-4FE9-841C-5F0C93F8B429}.Debug|x86.Build.0 = Debug|Any CPU
		{2C2E9904-FC43-4FE9-841C-5F0C93F8B429}.Release|Any CPU.ActiveCfg = Release|Any CPU
		{2C2E9904-FC43-4FE9-841C-5F0C93F8B429}.Release|Any CPU.Build.0 = Release|Any CPU
		{2C2E9904-FC43-4FE9-841C-5F0C93F8B429}.Release|x64.ActiveCfg = Release|Any CPU
		{2C2E9904-FC43-4FE9-841C-5F0C93F8B429}.Release|x64.Build.0 = Release|Any CPU
		{2C2E9904-FC43-4FE9-841C-5F0C93F8B429}.Release|x86.ActiveCfg = Release|Any CPU
		{2C2E9904-FC43-4FE9-841C-5F0C93F8B429}.Release|x86.Build.0 = Release|Any CPU
		{15941805-EDB1-4464-BEDC-D2F73553275F}.Debug|Any CPU.ActiveCfg = Debug|Any CPU
		{15941805-EDB1-4464-BEDC-D2F73553275F}.Debug|Any CPU.Build.0 = Debug|Any CPU
		{15941805-EDB1-4464-BEDC-D2F73553275F}.Debug|x64.ActiveCfg = Debug|Any CPU
		{15941805-EDB1-4464-BEDC-D2F73553275F}.Debug|x64.Build.0 = Debug|Any CPU
		{15941805-EDB1-4464-BEDC-D2F73553275F}.Debug|x86.ActiveCfg = Debug|Any CPU
		{15941805-EDB1-4464-BEDC-D2F73553275F}.Debug|x86.Build.0 = Debug|Any CPU
		{15941805-EDB1-4464-BEDC-D2F73553275F}.Release|Any CPU.ActiveCfg = Release|Any CPU
		{15941805-EDB1-4464-BEDC-D2F73553275F}.Release|Any CPU.Build.0 = Release|Any CPU
		{15941805-EDB1-4464-BEDC-D2F73553275F}.Release|x64.ActiveCfg = Release|Any CPU
		{15941805-EDB1-4464-BEDC-D2F73553275F}.Release|x64.Build.0 = Release|Any CPU
		{15941805-EDB1-4464-BEDC-D2F73553275F}.Release|x86.ActiveCfg = Release|Any CPU
		{15941805-EDB1-4464-BEDC-D2F73553275F}.Release|x86.Build.0 = Release|Any CPU
		{FF81066B-A138-48F0-B401-A903C7B9C06F}.Debug|Any CPU.ActiveCfg = Debug|Any CPU
		{FF81066B-A138-48F0-B401-A903C7B9C06F}.Debug|Any CPU.Build.0 = Debug|Any CPU
		{FF81066B-A138-48F0-B401-A903C7B9C06F}.Debug|x64.ActiveCfg = Debug|Any CPU
		{FF81066B-A138-48F0-B401-A903C7B9C06F}.Debug|x64.Build.0 = Debug|Any CPU
		{FF81066B-A138-48F0-B401-A903C7B9C06F}.Debug|x86.ActiveCfg = Debug|Any CPU
		{FF81066B-A138-48F0-B401-A903C7B9C06F}.Debug|x86.Build.0 = Debug|Any CPU
		{FF81066B-A138-48F0-B401-A903C7B9C06F}.Release|Any CPU.ActiveCfg = Release|Any CPU
		{FF81066B-A138-48F0-B401-A903C7B9C06F}.Release|Any CPU.Build.0 = Release|Any CPU
		{FF81066B-A138-48F0-B401-A903C7B9C06F}.Release|x64.ActiveCfg = Release|Any CPU
		{FF81066B-A138-48F0-B401-A903C7B9C06F}.Release|x64.Build.0 = Release|Any CPU
		{FF81066B-A138-48F0-B401-A903C7B9C06F}.Release|x86.ActiveCfg = Release|Any CPU
		{FF81066B-A138-48F0-B401-A903C7B9C06F}.Release|x86.Build.0 = Release|Any CPU
		{A9432F97-CA2D-412E-89AC-B4AE1DBC8BE7}.Debug|Any CPU.ActiveCfg = Debug|Any CPU
		{A9432F97-CA2D-412E-89AC-B4AE1DBC8BE7}.Debug|Any CPU.Build.0 = Debug|Any CPU
		{A9432F97-CA2D-412E-89AC-B4AE1DBC8BE7}.Debug|x64.ActiveCfg = Debug|Any CPU
		{A9432F97-CA2D-412E-89AC-B4AE1DBC8BE7}.Debug|x64.Build.0 = Debug|Any CPU
		{A9432F97-CA2D-412E-89AC-B4AE1DBC8BE7}.Debug|x86.ActiveCfg = Debug|Any CPU
		{A9432F97-CA2D-412E-89AC-B4AE1DBC8BE7}.Debug|x86.Build.0 = Debug|Any CPU
		{A9432F97-CA2D-412E-89AC-B4AE1DBC8BE7}.Release|Any CPU.ActiveCfg = Release|Any CPU
		{A9432F97-CA2D-412E-89AC-B4AE1DBC8BE7}.Release|Any CPU.Build.0 = Release|Any CPU
		{A9432F97-CA2D-412E-89AC-B4AE1DBC8BE7}.Release|x64.ActiveCfg = Release|Any CPU
		{A9432F97-CA2D-412E-89AC-B4AE1DBC8BE7}.Release|x64.Build.0 = Release|Any CPU
		{A9432F97-CA2D-412E-89AC-B4AE1DBC8BE7}.Release|x86.ActiveCfg = Release|Any CPU
		{A9432F97-CA2D-412E-89AC-B4AE1DBC8BE7}.Release|x86.Build.0 = Release|Any CPU
	EndGlobalSection
	GlobalSection(SolutionProperties) = preSolution
		HideSolutionNode = FALSE
	EndGlobalSection
	GlobalSection(NestedProjects) = preSolution
		{C714785B-5C8D-4C76-A9F6-BABB56DC3134} = {827E0CD3-B72D-47B6-A68D-7590B98EB39B}
		{057F6144-295C-4944-A8F6-B9766DA78499} = {827E0CD3-B72D-47B6-A68D-7590B98EB39B}
		{4C56F5E8-9294-44CD-A07C-FA5B431B2FFD} = {827E0CD3-B72D-47B6-A68D-7590B98EB39B}
		{85483A44-F85B-400D-82E5-0087448F8465} = {827E0CD3-B72D-47B6-A68D-7590B98EB39B}
		{2A91F8A0-7FA8-4A01-97D1-4C31F7C8FA11} = {827E0CD3-B72D-47B6-A68D-7590B98EB39B}
		{5FD4583A-B0F8-4A3C-A5E7-4656A9D7AA6B} = {827E0CD3-B72D-47B6-A68D-7590B98EB39B}
		{4EDCA378-8B9C-4EA7-B483-2F53798375EF} = {827E0CD3-B72D-47B6-A68D-7590B98EB39B}
		{36919F84-0925-49D1-B6B3-35D206F106CC} = {827E0CD3-B72D-47B6-A68D-7590B98EB39B}
		{EE2C5D43-DAFA-42A1-AB21-35B0D175CABD} = {827E0CD3-B72D-47B6-A68D-7590B98EB39B}
		{B1C2D3E4-F5A6-47B8-9C0D-1E2F3A4B5C6D} = {827E0CD3-B72D-47B6-A68D-7590B98EB39B}
		{AD3064B1-3E03-48CA-BF35-9F0633C53A37} = {827E0CD3-B72D-47B6-A68D-7590B98EB39B}
		{EFCD5F4F-9CE6-4516-8DB4-4B7CC2D70560} = {827E0CD3-B72D-47B6-A68D-7590B98EB39B}
		{1BA75A7B-3F6F-4BC0-A11F-4F95806799E2} = {827E0CD3-B72D-47B6-A68D-7590B98EB39B}
		{943A5394-A8E7-4DB8-9E28-081954A9C9AF} = {827E0CD3-B72D-47B6-A68D-7590B98EB39B}
		{58D3A2C3-F96F-5E57-2C6B-ECE59D6A18FC} = {827E0CD3-B72D-47B6-A68D-7590B98EB39B}
		{3C6F3C12-78FE-40CD-A300-86F9DEAF047F} = {58D3A2C3-F96F-5E57-2C6B-ECE59D6A18FC}
		{21ADE7E5-729D-437E-9337-357875682C52} = {58D3A2C3-F96F-5E57-2C6B-ECE59D6A18FC}
		{ABF33802-49DC-43DD-8319-938DF8FE5661} = {58D3A2C3-F96F-5E57-2C6B-ECE59D6A18FC}
		{B2C3D4E5-F6A7-48B9-0D1E-2F3A4B5C6D7E} = {58D3A2C3-F96F-5E57-2C6B-ECE59D6A18FC}
		{C3D4E5F6-A7B8-49C0-D2E3-4F5A6B7C8D9E} = {58D3A2C3-F96F-5E57-2C6B-ECE59D6A18FC}
		{2A8FD247-3218-4294-9321-4034C2DC6A36} = {58D3A2C3-F96F-5E57-2C6B-ECE59D6A18FC}
		{F0A1664B-87CC-42C3-B152-654CC1331525} = {827E0CD3-B72D-47B6-A68D-7590B98EB39B}
		{E948629F-A1FC-42D2-A9BF-E5A55689BAA6} = {827E0CD3-B72D-47B6-A68D-7590B98EB39B}
		{E8CB8917-EEBC-BC23-7F1D-9730F69BE860} = {9CDEF635-2B92-7BC4-7BA3-E0B4A4C557C7}
		{9E99E9F2-FE0C-485D-9EF4-C54206AB4DCA} = {E8CB8917-EEBC-BC23-7F1D-9730F69BE860}
		{326B5A95-16A2-4E7A-A320-8E253D5970E3} = {827E0CD3-B72D-47B6-A68D-7590B98EB39B}
		{AF70A291-5C9F-4307-A7DA-CA065FB1A60E} = {827E0CD3-B72D-47B6-A68D-7590B98EB39B}
		{A23ABD44-C0EA-4BD9-AE7B-1A3ACF94051D} = {827E0CD3-B72D-47B6-A68D-7590B98EB39B}
		{9A3FA828-611D-40F1-8810-F017B26CCC5E} = {827E0CD3-B72D-47B6-A68D-7590B98EB39B}
		{EACDC9A6-2E3B-460C-A076-4D752051A02E} = {827E0CD3-B72D-47B6-A68D-7590B98EB39B}
		{D8FB812D-4611-5831-2554-17898CDE4405} = {0AB3BF05-4346-4AA6-1389-037BE0695223}
		{378EDF0A-940F-48D5-B20F-647CC9F00B2A} = {D8FB812D-4611-5831-2554-17898CDE4405}
		{0BA6546E-93E1-4DF9-800E-B9E3F4FBAC65} = {827E0CD3-B72D-47B6-A68D-7590B98EB39B}
		{1CEDB548-E301-3D5B-9DE1-FE24C2043240} = {58D3A2C3-F96F-5E57-2C6B-ECE59D6A18FC}
		{A2482D3A-63C9-4462-BB8B-3AC8C2CEAB58} = {58D3A2C3-F96F-5E57-2C6B-ECE59D6A18FC}
		{B4D5E6F7-A8B9-40C1-D3E4-5F6A7B8C9D0E} = {58D3A2C3-F96F-5E57-2C6B-ECE59D6A18FC}
		{7F88CB6E-D800-4165-BF4B-94787DC22253} = {58D3A2C3-F96F-5E57-2C6B-ECE59D6A18FC}
		{460B7DBB-04D9-4146-A5EB-93B6D942D50A} = {07D57EEB-2F50-60C4-C011-FE4FA775C9A8}
		{E5EB0331-9730-49EC-83D1-68B0CB7036C2} = {07D57EEB-2F50-60C4-C011-FE4FA775C9A8}
		{DF516A51-344C-43B7-83C0-700039ED4C3A} = {0AB3BF05-4346-4AA6-1389-037BE0695223}
		{A3045E3A-9521-4A3F-9F20-A3DC6EC98F24} = {0AB3BF05-4346-4AA6-1389-037BE0695223}
		{E1ADD487-8115-432F-A32A-D497A3D78DCD} = {E4FD90FE-65C7-1EC7-038C-7350BEAF0ABE}
		{CE84BCC0-2795-4EBA-962D-C73FE887A3C8} = {07D57EEB-2F50-60C4-C011-FE4FA775C9A8}
		{2BDC9E87-4E75-42BC-B004-0B4F950F868F} = {07D57EEB-2F50-60C4-C011-FE4FA775C9A8}
		{8140C6C6-4E9B-485F-BD35-ED218E7C4CE8} = {07D57EEB-2F50-60C4-C011-FE4FA775C9A8}
		{2C2E9904-FC43-4FE9-841C-5F0C93F8B429} = {07D57EEB-2F50-60C4-C011-FE4FA775C9A8}
		{15941805-EDB1-4464-BEDC-D2F73553275F} = {07D57EEB-2F50-60C4-C011-FE4FA775C9A8}
		{FF81066B-A138-48F0-B401-A903C7B9C06F} = {07D57EEB-2F50-60C4-C011-FE4FA775C9A8}
		{A9432F97-CA2D-412E-89AC-B4AE1DBC8BE7} = {07D57EEB-2F50-60C4-C011-FE4FA775C9A8}
	EndGlobalSection
	GlobalSection(ExtensibilityGlobals) = postSolution
		SolutionGuid = {5F0A091F-7E5D-481D-8E95-59D51B437C9B}
	EndGlobalSection
EndGlobal
